
Microsoft Visual Studio Solution File, Format Version 12.00
# Visual Studio Version 17
VisualStudioVersion = 17.14.37216.2 d17.14
MinimumVisualStudioVersion = 10.0.40219.1
Project("{FAE04EC0-301F-11D3-BF4B-00C04F79EFBC}") = "MauiAppNovoLayout", "MauiAppNovoLayout\MauiAppNovoLayout.csproj", "{AD508AE1-18C9-43A4-969D-E936C3C120E6}"
EndProject
Global
	GlobalSection(SolutionConfigurationPlatforms) = preSolution
		Debug|Any CPU = Debug|Any CPU
		Release|Any CPU = Release|Any CPU
	EndGlobalSection
	GlobalSection(ProjectConfigurationPlatforms) = postSolution
		{AD508AE1-18C9-43A4-969D-E936C3C120E6}.Debug|Any CPU.ActiveCfg = Debug|Any CPU
		{AD508AE1-18C9-43A4-969D-E936C3C120E6}.Debug|Any CPU.Build.0 = Debug|Any CPU
		{AD508AE1-18C9-43A4-969D-E936C3C120E6}.Debug|Any CPU.Deploy.0 = Debug|Any CPU
		{AD508AE1-18C9-43A4-969D-E936C3C120E6}.Release|Any CPU.ActiveCfg = Release|Any CPU
		{AD508AE1-18C9-43A4-969D-E936C3C120E6}.Release|Any CPU.Build.0 = Release|Any CPU
		{AD508AE1-18C9-43A4-969D-E936C3C120E6}.Release|Any CPU.Deploy.0 = Release|Any CPU
	EndGlobalSection
	GlobalSection(SolutionProperties) = preSolution
		HideSolutionNode = FALSE
	EndGlobalSection
	GlobalSection(ExtensibilityGlobals) = postSolution
		SolutionGuid = {FB3F8BE9-F815-4EBB-B235-81AD23425711}
	EndGlobalSection
EndGlobal
